
Microsoft Visual Studio Solution File, Format Version 12.00
# Visual Studio Version 17
VisualStudioVersion = 17.10.35122.118
MinimumVisualStudioVersion = 10.0.40219.1
Project("{FAE04EC0-301F-11D3-BF4B-00C04F79EFBC}") = "GeatorProyectos", "GeatorProyectos\GeatorProyectos.csproj", "{D8ABB4C1-C855-4F85-BB61-9ADD0CA59674}"
EndProject
Global
	GlobalSection(SolutionConfigurationPlatforms) = preSolution
		Debug|Any CPU = Debug|Any CPU
		Release|Any CPU = Release|Any CPU
	EndGlobalSection
	GlobalSection(ProjectConfigurationPlatforms) = postSolution
		{D8ABB4C1-C855-4F85-BB61-9ADD0CA59674}.Debug|Any CPU.ActiveCfg = Debug|Any CPU
		{D8ABB4C1-C855-4F85-BB61-9ADD0CA59674}.Debug|Any CPU.Build.0 = Debug|Any CPU
		{D8ABB4C1-C855-4F85-BB61-9ADD0CA59674}.Release|Any CPU.ActiveCfg = Release|Any CPU
		{D8ABB4C1-C855-4F85-BB61-9ADD0CA59674}.Release|Any CPU.Build.0 = Release|Any CPU
	EndGlobalSection
	GlobalSection(SolutionProperties) = preSolution
		HideSolutionNode = FALSE
	EndGlobalSection
	GlobalSection(ExtensibilityGlobals) = postSolution
		SolutionGuid = {52B856A0-0241-4558-A74D-994853BE88B3}
	EndGlobalSection
EndGlobal
